
Microsoft Visual Studio Solution File, Format Version 12.00
# Visual Studio Version 16
VisualStudioVersion = 16.0.30011.22
MinimumVisualStudioVersion = 10.0.40219.1
Project("{FAE04EC0-301F-11D3-BF4B-00C04F79EFBC}") = "LOL_Find_Summoners", "LOL_Find_Summoners.csproj", "{7B8797DB-B847-47BD-BA4F-A86B5D5CA30C}"
EndProject
Global
	GlobalSection(SolutionConfigurationPlatforms) = preSolution
		Debug|Any CPU = Debug|Any CPU
		Release|Any CPU = Release|Any CPU
	EndGlobalSection
	GlobalSection(ProjectConfigurationPlatforms) = postSolution
		{7B8797DB-B847-47BD-BA4F-A86B5D5CA30C}.Debug|Any CPU.ActiveCfg = Debug|Any CPU
		{7B8797DB-B847-47BD-BA4F-A86B5D5CA30C}.Debug|Any CPU.Build.0 = Debug|Any CPU
		{7B8797DB-B847-47BD-BA4F-A86B5D5CA30C}.Release|Any CPU.ActiveCfg = Release|Any CPU
		{7B8797DB-B847-47BD-BA4F-A86B5D5CA30C}.Release|Any CPU.Build.0 = Release|Any CPU
	EndGlobalSection
	GlobalSection(SolutionProperties) = preSolution
		HideSolutionNode = FALSE
	EndGlobalSection
	GlobalSection(ExtensibilityGlobals) = postSolution
		SolutionGuid = {ADBC5678-68EF-49BC-B5B5-FCD72888DD2C}
	EndGlobalSection
EndGlobal
